// !$*UTF8*$!
{
	archiveVersion = 1;
	classes = {
	};
	objectVersion = 48;
	objects = {

/* Begin PBXBuildFile section */
		39E959DB1F6BEB0D00BB17C9 /* AppDelegate.swift in Sources */ = {isa = PBXBuildFile; fileRef = 39E959DA1F6BEB0D00BB17C9 /* AppDelegate.swift */; };
		39E959DD1F6BEB0D00BB17C9 /* ViewController.swift in Sources */ = {isa = PBXBuildFile; fileRef = 39E959DC1F6BEB0D00BB17C9 /* ViewController.swift */; };
		39E959E31F6BEB0D00BB17C9 /* CoreDataSample.xcdatamodeld in Sources */ = {isa = PBXBuildFile; fileRef = 39E959E11F6BEB0D00BB17C9 /* CoreDataSample.xcdatamodeld */; };
		39E959E51F6BEB0D00BB17C9 /* Assets.xcassets in Resources */ = {isa = PBXBuildFile; fileRef = 39E959E41F6BEB0D00BB17C9 /* Assets.xcassets */; };
		39E959E81F6BEB0D00BB17C9 /* LaunchScreen.storyboard in Resources */ = {isa = PBXBuildFile; fileRef = 39E959E61F6BEB0D00BB17C9 /* LaunchScreen.storyboard */; };
		39E959F11F6BEB5300BB17C9 /* Message+CoreDataClass.swift in Sources */ = {isa = PBXBuildFile; fileRef = 39E959EF1F6BEB5300BB17C9 /* Message+CoreDataClass.swift */; };
		39E959F21F6BEB5300BB17C9 /* Message+CoreDataProperties.swift in Sources */ = {isa = PBXBuildFile; fileRef = 39E959F01F6BEB5300BB17C9 /* Message+CoreDataProperties.swift */; };
/* End PBXBuildFile section */

/* Begin PBXFileReference section */
		39E959D71F6BEB0D00BB17C9 /* CoreDataSample.app */ = {isa = PBXFileReference; explicitFileType = wrapper.application; includeInIndex = 0; path = CoreDataSample.app; sourceTree = BUILT_PRODUCTS_DIR; };
		39E959DA1F6BEB0D00BB17C9 /* AppDelegate.swift */ = {isa = PBXFileReference; lastKnownFileType = sourcecode.swift; path = AppDelegate.swift; sourceTree = "<group>"; };
		39E959DC1F6BEB0D00BB17C9 /* ViewController.swift */ = {isa = PBXFileReference; lastKnownFileType = sourcecode.swift; path = ViewController.swift; sourceTree = "<group>"; };
		39E959E21F6BEB0D00BB17C9 /* CoreDataSample.xcdatamodel */ = {isa = PBXFileReference; lastKnownFileType = wrapper.xcdatamodel; path = CoreDataSample.xcdatamodel; sourceTree = "<group>"; };
		39E959E41F6BEB0D00BB17C9 /* Assets.xcassets */ = {isa = PBXFileReference; lastKnownFileType = folder.assetcatalog; path = Assets.xcassets; sourceTree = "<group>"; };
		39E959E71F6BEB0D00BB17C9 /* Base */ = {isa = PBXFileReference; lastKnownFileType = file.storyboard; name = Base; path = Base.lproj/LaunchScreen.storyboard; sourceTree = "<group>"; };
		39E959E91F6BEB0D00BB17C9 /* Info.plist */ = {isa = PBXFileReference; lastKnownFileType = text.plist.xml; path = Info.plist; sourceTree = "<group>"; };
		39E959EF1F6BEB5300BB17C9 /* Message+CoreDataClass.swift */ = {isa = PBXFileReference; lastKnownFileType = sourcecode.swift; path = "Message+CoreDataClass.swift"; sourceTree = "<group>"; };
		39E959F01F6BEB5300BB17C9 /* Message+CoreDataProperties.swift */ = {isa = PBXFileReference; lastKnownFileType = sourcecode.swift; path = "Message+CoreDataProperties.swift"; sourceTree = "<group>"; };
/* End PBXFileReference section */

/* Begin PBXFrameworksBuildPhase section */
		39E959D41F6BEB0D00BB17C9 /* Frameworks */ = {
			isa = PBXFrameworksBuildPhase;
			buildActionMask = 2147483647;
			files = (
			);
			runOnlyForDeploymentPostprocessing = 0;
		};
/* End PBXFrameworksBuildPhase section */

/* Begin PBXGroup section */
		39E959CE1F6BEB0D00BB17C9 = {
			isa = PBXGroup;
			children = (
				39E959D91F6BEB0D00BB17C9 /* CoreDataSample */,
				39E959D81F6BEB0D00BB17C9 /* Products */,
			);
			sourceTree = "<group>";
		};
		39E959D81F6BEB0D00BB17C9 /* Products */ = {
			isa = PBXGroup;
			children = (
				39E959D71F6BEB0D00BB17C9 /* CoreDataSample.app */,
			);
			name = Products;
			sourceTree = "<group>";
		};
		39E959D91F6BEB0D00BB17C9 /* CoreDataSample */ = {
			isa = PBXGroup;
			children = (
				39E959EF1F6BEB5300BB17C9 /* Message+CoreDataClass.swift */,
				39E959F01F6BEB5300BB17C9 /* Message+CoreDataProperties.swift */,
				39E959DA1F6BEB0D00BB17C9 /* AppDelegate.swift */,
				39E959DC1F6BEB0D00BB17C9 /* ViewController.swift */,
				39E959E41F6BEB0D00BB17C9 /* Assets.xcassets */,
				39E959E61F6BEB0D00BB17C9 /* LaunchScreen.storyboard */,
				39E959E91F6BEB0D00BB17C9 /* Info.plist */,
				39E959E11F6BEB0D00BB17C9 /* CoreDataSample.xcdatamodeld */,
			);
			path = CoreDataSample;
			sourceTree = "<group>";
		};
/* End PBXGroup section */

/* Begin PBXNativeTarget section */
		39E959D61F6BEB0D00BB17C9 /* CoreDataSample */ = {
			isa = PBXNativeTarget;
			buildConfigurationList = 39E959EC1F6BEB0D00BB17C9 /* Build configuration list for PBXNativeTarget "CoreDataSample" */;
			buildPhases = (
				39E959D31F6BEB0D00BB17C9 /* Sources */,
				39E959D41F6BEB0D00BB17C9 /* Frameworks */,
				39E959D51F6BEB0D00BB17C9 /* Resources */,
			);
			buildRules = (
			);
			dependencies = (
			);
			name = CoreDataSample;
			productName = CoreDataSample;
			productReference = 39E959D71F6BEB0D00BB17C9 /* CoreDataSample.app */;
			productType = "com.apple.product-type.application";
		};
/* End PBXNativeTarget section */

/* Begin PBXProject section */
		39E959CF1F6BEB0D00BB17C9 /* Project object */ = {
			isa = PBXProject;
			attributes = {
				LastSwiftUpdateCheck = 0900;
				LastUpgradeCheck = 0900;
				ORGANIZATIONNAME = "Matthias Ludwig";
				TargetAttributes = {
					39E959D61F6BEB0D00BB17C9 = {
						CreatedOnToolsVersion = 9.0;
						ProvisioningStyle = Automatic;
					};
				};
			};
			buildConfigurationList = 39E959D21F6BEB0D00BB17C9 /* Build configuration list for PBXProject "CoreDataSample" */;
			compatibilityVersion = "Xcode 8.0";
			developmentRegion = en;
			hasScannedForEncodings = 0;
			knownRegions = (
				en,
				Base,
			);
			mainGroup = 39E959CE1F6BEB0D00BB17C9;
			productRefGroup = 39E959D81F6BEB0D00BB17C9 /* Products */;
			projectDirPath = "";
			projectRoot = "";
			targets = (
				39E959D61F6BEB0D00BB17C9 /* CoreDataSample */,
			);
		};
/* End PBXProject section */

/* Begin PBXResourcesBuildPhase section */
		39E959D51F6BEB0D00BB17C9 /* Resources */ = {
			isa = PBXResourcesBuildPhase;
			buildActionMask = 2147483647;
			files = (
				39E959E81F6BEB0D00BB17C9 /* LaunchScreen.storyboard in Resources */,
				39E959E51F6BEB0D00BB17C9 /* Assets.xcassets in Resources */,
			);
			runOnlyForDeploymentPostprocessing = 0;
		};
/* End PBXResourcesBuildPhase section */

/* Begin PBXSourcesBuildPhase section */
		39E959D31F6BEB0D00BB17C9 /* Sources */ = {
			isa = PBXSourcesBuildPhase;
			buildActionMask = 2147483647;
			files = (
				39E959DD1F6BEB0D00BB17C9 /* ViewController.swift in Sources */,
				39E959E31F6BEB0D00BB17C9 /* CoreDataSample.xcdatamodeld in Sources */,
				39E959DB1F6BEB0D00BB17C9 /* AppDelegate.swift in Sources */,
				39E959F21F6BEB5300BB17C9 /* Message+CoreDataProperties.swift in Sources */,
				39E959F11F6BEB5300BB17C9 /* Message+CoreDataClass.swift in Sources */,
			);
			runOnlyForDeploymentPostprocessing = 0;
		};
/* End PBXSourcesBuildPhase section */

/* Begin PBXVariantGroup section */
		39E959E61F6BEB0D00BB17C9 /* LaunchScreen.storyboard */ = {
			isa = PBXVariantGroup;
			children = (
				39E959E71F6BEB0D00BB17C9 /* Base */,
			);
			name = LaunchScreen.storyboard;
			sourceTree = "<group>";
		};
/* End PBXVariantGroup section */

/* Begin XCBuildConfiguration section */
		39E959EA1F6BEB0D00BB17C9 /* Debug */ = {
			isa = XCBuildConfiguration;
			buildSettings = {
				ALWAYS_SEARCH_USER_PATHS = NO;
				CLANG_ANALYZER_NONNULL = YES;
				CLANG_ANALYZER_NUMBER_OBJECT_CONVERSION = YES_AGGRESSIVE;
				CLANG_CXX_LANGUAGE_STANDARD = "gnu++14";
				CLANG_CXX_LIBRARY = "libc++";
				CLANG_ENABLE_MODULES = YES;
				CLANG_ENABLE_OBJC_ARC = YES;
				CLANG_WARN_BLOCK_CAPTURE_AUTORELEASING = YES;
				CLANG_WARN_BOOL_CONVERSION = YES;
				CLANG_WARN_COMMA = YES;
				CLANG_WARN_CONSTANT_CONVERSION = YES;
				CLANG_WARN_DIRECT_OBJC_ISA_USAGE = YES_ERROR;
				CLANG_WARN_DOCUMENTATION_COMMENTS = YES;
				CLANG_WARN_EMPTY_BODY = YES;
				CLANG_WARN_ENUM_CONVERSION = YES;
				CLANG_WARN_INFINITE_RECURSION = YES;
				CLANG_WARN_INT_CONVERSION = YES;
				CLANG_WARN_NON_LITERAL_NULL_CONVERSION = YES;
				CLANG_WARN_OBJC_LITERAL_CONVERSION = YES;
				CLANG_WARN_OBJC_ROOT_CLASS = YES_ERROR;
				CLANG_WARN_RANGE_LOOP_ANALYSIS = YES;
				CLANG_WARN_STRICT_PROTOTYPES = YES;
				CLANG_WARN_SUSPICIOUS_MOVE = YES;
				CLANG_WARN_UNGUARDED_AVAILABILITY = YES_AGGRESSIVE;
				CLANG_WARN_UNREACHABLE_CODE = YES;
				CLANG_WARN__DUPLICATE_METHOD_MATCH = YES;
				CODE_SIGN_IDENTITY = "iPhone Developer";
				COPY_PHASE_STRIP = NO;
				DEBUG_INFORMATION_FORMAT = dwarf;
				ENABLE_STRICT_OBJC_MSGSEND = YES;
				ENABLE_TESTABILITY = YES;
				GCC_C_LANGUAGE_STANDARD = gnu11;
				GCC_DYNAMIC_NO_PIC = NO;
				GCC_NO_COMMON_BLOCKS = YES;
				GCC_OPTIMIZATION_LEVEL = 0;
				GCC_PREPROCESSOR_DEFINITIONS = (
					"DEBUG=1",
					"$(inherited)",
				);
				GCC_WARN_64_TO_32_BIT_CONVERSION = YES;
				GCC_WARN_ABOUT_RETURN_TYPE = YES_ERROR;
				GCC_WARN_UNDECLARED_SELECTOR = YES;
				GCC_WARN_UNINITIALIZED_AUTOS = YES_AGGRESSIVE;
				GCC_WARN_UNUSED_FUNCTION = YES;
				GCC_WARN_UNUSED_VARIABLE = YES;
				IPHONEOS_DEPLOYMENT_TARGET = 11.0;
				MTL_ENABLE_DEBUG_INFO = YES;
				ONLY_ACTIVE_ARCH = YES;
				SDKROOT = iphoneos;
				SWIFT_ACTIVE_COMPILATION_CONDITIONS = DEBUG;
				SWIFT_OPTIMIZATION_LEVEL = "-Onone";
			};
			name = Debug;
		};
		39E959EB1F6BEB0D00BB17C9 /* Release */ = {
			isa = XCBuildConfiguration;
			buildSettings = {
				ALWAYS_SEARCH_USER_PATHS = NO;
				CLANG_ANALYZER_NONNULL = YES;
				CLANG_ANALYZER_NUMBER_OBJECT_CONVERSION = YES_AGGRESSIVE;
				CLANG_CXX_LANGUAGE_STANDARD = "gnu++14";
				CLANG_CXX_LIBRARY = "libc++";
				CLANG_ENABLE_MODULES = YES;
				CLANG_ENABLE_OBJC_ARC = YES;
				CLANG_WARN_BLOCK_CAPTURE_AUTORELEASING = YES;
				CLANG_WARN_BOOL_CONVERSION = YES;
				CLANG_WARN_COMMA = YES;
				CLANG_WARN_CONSTANT_CONVERSION = YES;
				CLANG_WARN_DIRECT_OBJC_ISA_USAGE = YES_ERROR;
				CLANG_WARN_DOCUMENTATION_COMMENTS = YES;
				CLANG_WARN_EMPTY_BODY = YES;
				CLANG_WARN_ENUM_CONVERSION = YES;
				CLANG_WARN_INFINITE_RECURSION = YES;
				CLANG_WARN_INT_CONVERSION = YES;
				CLANG_WARN_NON_LITERAL_NULL_CONVERSION = YES;
				CLANG_WARN_OBJC_LITERAL_CONVERSION = YES;
				CLANG_WARN_OBJC_ROOT_CLASS = YES_ERROR;
				CLANG_WARN_RANGE_LOOP_ANALYSIS = YES;
				CLANG_WARN_STRICT_PROTOTYPES = YES;
				CLANG_WARN_SUSPICIOUS_MOVE = YES;
				CLANG_WARN_UNGUARDED_AVAILABILITY = YES_AGGRESSIVE;
				CLANG_WARN_UNREACHABLE_CODE = YES;
				CLANG_WARN__DUPLICATE_METHOD_MATCH = YES;
				CODE_SIGN_IDENTITY = "iPhone Developer";
				COPY_PHASE_STRIP = NO;
				DEBUG_INFORMATION_FORMAT = "dwarf-with-dsym";
				ENABLE_NS_ASSERTIONS = NO;
				ENABLE_STRICT_OBJC_MSGSEND = YES;
				GCC_C_LANGUAGE_STANDARD = gnu11;
				GCC_NO_COMMON_BLOCKS = YES;
				GCC_WARN_64_TO_32_BIT_CONVERSION = YES;
				GCC_WARN_ABOUT_RETURN_TYPE = YES_ERROR;
				GCC_WARN_UNDECLARED_SELECTOR = YES;
				GCC_WARN_UNINITIALIZED_AUTOS = YES_AGGRESSIVE;
				GCC_WARN_UNUSED_FUNCTION = YES;
				GCC_WARN_UNUSED_VARIABLE = YES;
				IPHONEOS_DEPLOYMENT_TARGET = 11.0;
				MTL_ENABLE_DEBUG_INFO = NO;
				SDKROOT = iphoneos;
				SWIFT_OPTIMIZATION_LEVEL = "-Owholemodule";
				VALIDATE_PRODUCT = YES;
			};
			name = Release;
		};
		39E959ED1F6BEB0D00BB17C9 /* Debug */ = {
			isa = XCBuildConfiguration;
			buildSettings = {
				ASSETCATALOG_COMPILER_APPICON_NAME = AppIcon;
				CODE_SIGN_STYLE = Automatic;
				DEVELOPMENT_TEAM = NGPSS36S49;
				INFOPLIST_FILE = CoreDataSample/Info.plist;
				LD_RUNPATH_SEARCH_PATHS = "$(inherited) @executable_path/Frameworks";
				PRODUCT_BUNDLE_IDENTIFIER = "com.sudden-dev.CoreDataSample";
				PRODUCT_NAME = "$(TARGET_NAME)";
				SWIFT_VERSION = 4.0;
				TARGETED_DEVICE_FAMILY = "1,2";
			};
			name = Debug;
		};
		39E959EE1F6BEB0D00BB17C9 /* Release */ = {
			isa = XCBuildConfiguration;
			buildSettings = {
				ASSETCATALOG_COMPILER_APPICON_NAME = AppIcon;
				CODE_SIGN_STYLE = Automatic;
				DEVELOPMENT_TEAM = NGPSS36S49;
				INFOPLIST_FILE = CoreDataSample/Info.plist;
				LD_RUNPATH_SEARCH_PATHS = "$(inherited) @executable_path/Frameworks";
				PRODUCT_BUNDLE_IDENTIFIER = "com.sudden-dev.CoreDataSample";
				PRODUCT_NAME = "$(TARGET_NAME)";
				SWIFT_VERSION = 4.0;
				TARGETED_DEVICE_FAMILY = "1,2";
			};
			name = Release;
		};
/* End XCBuildConfiguration section */

/* Begin XCConfigurationList section */
		39E959D21F6BEB0D00BB17C9 /* Build configuration list for PBXProject "CoreDataSample" */ = {
			isa = XCConfigurationList;
			buildConfigurations = (
				39E959EA1F6BEB0D00BB17C9 /* Debug */,
				39E959EB1F6BEB0D00BB17C9 /* Release */,
			);
			defaultConfigurationIsVisible = 0;
			defaultConfigurationName = Release;
		};
		39E959EC1F6BEB0D00BB17C9 /* Build configuration list for PBXNativeTarget "CoreDataSample" */ = {
			isa = XCConfigurationList;
			buildConfigurations = (
				39E959ED1F6BEB0D00BB17C9 /* Debug */,
				39E959EE1F6BEB0D00BB17C9 /* Release */,
			);
			defaultConfigurationIsVisible = 0;
			defaultConfigurationName = Release;
		};
/* End XCConfigurationList section */

/* Begin XCVersionGroup section */
		39E959E11F6BEB0D00BB17C9 /* CoreDataSample.xcdatamodeld */ = {
			isa = XCVersionGroup;
			children = (
				39E959E21F6BEB0D00BB17C9 /* CoreDataSample.xcdatamodel */,
			);
			currentVersion = 39E959E21F6BEB0D00BB17C9 /* CoreDataSample.xcdatamodel */;
			path = CoreDataSample.xcdatamodeld;
			sourceTree = "<group>";
			versionGroupType = wrapper.xcdatamodel;
		};
/* End XCVersionGroup section */
	};
	rootObject = 39E959CF1F6BEB0D00BB17C9 /* Project object */;
}
